{
  "version": "3",
  "packages": {
    "specifiers": {
      "npm:chalk": "npm:chalk@5.3.0",
      "npm:enquirer": "npm:enquirer@2.4.1"
    },
    "npm": {
      "ansi-colors@4.1.3": {
        "integrity": "sha512-/6w/C21Pm1A7aZitlI5Ni/2J6FFQN8i1Cvz3kHABAAbw93v/NlvKdVOqz7CCWz/3iv/JplRSEEZ83XION15ovw==",
        "dependencies": {}
      },
      "ansi-regex@5.0.1": {
        "integrity": "sha512-quJQXlTSUGL2LH9SUXo8VwsY4soanhgo6LNSm84E1LBcE8s3O0wpdiRzyR9z/ZZJMlMWv37qOOb9pdJlMUEKFQ==",
        "dependencies": {}
      },
      "chalk@5.3.0": {
        "integrity": "sha512-dLitG79d+GV1Nb/VYcCDFivJeK1hiukt9QjRNVOsUtTy1rR1YJsmpGGTZ3qJos+uw7WmWF4wUwBd9jxjocFC2w==",
        "dependencies": {}
      },
      "enquirer@2.4.1": {
        "integrity": "sha512-rRqJg/6gd538VHvR3PSrdRBb/1Vy2YfzHqzvbhGIQpDRKIa4FgV/54b5Q1xYSxOOwKvjXweS26E0Q+nAMwp2pQ==",
        "dependencies": {
          "ansi-colors": "ansi-colors@4.1.3",
          "strip-ansi": "strip-ansi@6.0.1"
        }
      },
      "strip-ansi@6.0.1": {
        "integrity": "sha512-Y38VPSHcqkFrCpFnQ9vuSXmquuv5oXOKpGeT6aGrr3o3Gc9AlVa6JBfUSOCnbxGGZF+/0ooI7KrPuUSztUdU5A==",
        "dependencies": {
          "ansi-regex": "ansi-regex@5.0.1"
        }
      }
    }
  },
  "remote": {
    "https://deno.land/std@0.153.0/_deno_unstable.ts": "4ddb8672d49d58b5bbc4a5a7a2f1b3bce4fd06aa4c8b8476728334391667de7b",
    "https://deno.land/std@0.153.0/_util/assert.ts": "e94f2eb37cebd7f199952e242c77654e43333c1ac4c5c700e929ea3aa5489f74",
    "https://deno.land/std@0.153.0/_util/os.ts": "3b4c6e27febd119d36a416d7a97bd3b0251b77c88942c8f16ee5953ea13e2e49",
    "https://deno.land/std@0.153.0/async/abortable.ts": "87aa7230be8360c24ad437212311c9e8d4328854baec27b4c7abb26e85515c06",
    "https://deno.land/std@0.153.0/async/deadline.ts": "48ac998d7564969f3e6ec6b6f9bf0217ebd00239b1b2292feba61272d5dd58d0",
    "https://deno.land/std@0.153.0/async/debounce.ts": "de5433bff08a2bb61416fc53b3bd2d5867090c8a815465e5b4a10a77495b1051",
    "https://deno.land/std@0.153.0/async/deferred.ts": "c01de44b9192359cebd3fe93273fcebf9e95110bf3360023917da9a2d1489fae",
    "https://deno.land/std@0.153.0/async/delay.ts": "d5a169caede8e1c5d46b3f25eab97db5fd1ab193fc82a53bafd3642ac42ca3c7",
    "https://deno.land/std@0.153.0/async/mod.ts": "dd0a8ed4f3984ffabe2fcca7c9f466b7932d57b1864ffee148a5d5388316db6b",
    "https://deno.land/std@0.153.0/async/mux_async_iterator.ts": "3447b28a2a582224a3d4d3596bccbba6e85040da3b97ed64012f7decce98d093",
    "https://deno.land/std@0.153.0/async/pool.ts": "ef9eb97b388543acbf0ac32647121e4dbe629236899586c4d4311a8770fbb239",
    "https://deno.land/std@0.153.0/async/tee.ts": "d27680d911816fcb3d231e16d690e7588079e66a9b2e5ce8cc354db94fdce95f",
    "https://deno.land/std@0.153.0/bytes/bytes_list.ts": "aba5e2369e77d426b10af1de0dcc4531acecec27f9b9056f4f7bfbf8ac147ab4",
    "https://deno.land/std@0.153.0/bytes/equals.ts": "3c3558c3ae85526f84510aa2b48ab2ad7bdd899e2e0f5b7a8ffc85acb3a6043a",
    "https://deno.land/std@0.153.0/bytes/mod.ts": "763f97d33051cc3f28af1a688dfe2830841192a9fea0cbaa55f927b49d49d0bf",
    "https://deno.land/std@0.153.0/crypto/timing_safe_equal.ts": "82a29b737bc8932d75d7a20c404136089d5d23629e94ba14efa98a8cc066c73e",
    "https://deno.land/std@0.153.0/encoding/base64.ts": "c57868ca7fa2fbe919f57f88a623ad34e3d970d675bdc1ff3a9d02bba7409db2",
    "https://deno.land/std@0.153.0/encoding/base64url.ts": "a5f82a9fa703bd85a5eb8e7c1296bc6529e601ebd9642cc2b5eaa6b38fa9e05a",
    "https://deno.land/std@0.153.0/flags/mod.ts": "d920e6675c31d5ef7efcb2087958923caf252e28fee724d7f7444c6b7b235204",
    "https://deno.land/std@0.153.0/fmt/colors.ts": "ff7dc9c9f33a72bd48bc24b21bbc1b4545d8494a431f17894dbc5fe92a938fc4",
    "https://deno.land/std@0.153.0/fmt/printf.ts": "111a4df40a81799da778421ae0260f278e5d79877e30e92403cd57d197a8d1b0",
    "https://deno.land/std@0.153.0/fs/exists.ts": "cb734d872f8554ea40b8bff77ad33d4143c1187eac621a55bf37781a43c56f6d",
    "https://deno.land/std@0.153.0/io/buffer.ts": "8232dcd8c4c7f14b95f28444454ad63750267be23e0fd7f88320c68b0f87a3b5",
    "https://deno.land/std@0.153.0/node/_buffer.mjs": "4e3e6b0f0613300340705a99a1998c655ba22bf08644c49df21f4aaa44e951d0",
    "https://deno.land/std@0.153.0/node/_core.ts": "83860ad91022fe1ed759acc3f012dd7e2a4258bd4ee7eab8332110cba0d0be10",
    "https://deno.land/std@0.153.0/node/_events.mjs": "303e8aa60ace559e4ca0d19e8475f87311bee9e8330b4b497644d70f2002fc27",
    "https://deno.land/std@0.153.0/node/_fs/_fs_access.ts": "f8c629c99777c46a780db3acdf8132ba82decf365085a503263e46ec08c40901",
    "https://deno.land/std@0.153.0/node/_fs/_fs_appendFile.ts": "f9d83bce0d3eae04246916da5b048313c24d88dfaf063f779c3434f0399d9042",
    "https://deno.land/std@0.153.0/node/_fs/_fs_chmod.ts": "c1a65080458afbeba8ad0824664f824b167c39ee02ef6b0d04bcbc123a3f897e",
    "https://deno.land/std@0.153.0/node/_fs/_fs_chown.ts": "e072f87628cfea956e945787f0e8af47be325b2e3183ae095279472b1fb9d085",
    "https://deno.land/std@0.153.0/node/_fs/_fs_close.ts": "b23915f763addce9d96116c1e3179d9d33c596903f57e20afa46c4333072a460",
    "https://deno.land/std@0.153.0/node/_fs/_fs_common.ts": "6a373d1583d9ec5cc7a8ff1072d77dc999e35282a320b7477038a2b209c304d3",
    "https://deno.land/std@0.153.0/node/_fs/_fs_constants.ts": "5c20b190fc6b7cfdaf12a30ba545fc787db2c7bbe87ed5b890da99578116a339",
    "https://deno.land/std@0.153.0/node/_fs/_fs_copy.ts": "692b9235a9c267e4c2604b4a228da5ef1c0ad0977ed086187fc86bc978c82913",
    "https://deno.land/std@0.153.0/node/_fs/_fs_dir.ts": "0e63c76b756c370465521114428f759ef6e528b7f90102f7c380953eb9e2f23e",
    "https://deno.land/std@0.153.0/node/_fs/_fs_dirent.ts": "649c0a794e7b8d930cdd7e6a168b404aa0448bf784e0cfbe1bd6d25b99052273",
    "https://deno.land/std@0.153.0/node/_fs/_fs_exists.ts": "87b063b7b1a59b5d2302ba2de2204fbccc1bfbe7fafede8678694cae45b77682",
    "https://deno.land/std@0.153.0/node/_fs/_fs_fdatasync.ts": "bbd078fea6c62c64d898101d697aefbfbb722797a75e328a82c2a4f2e7eb963d",
    "https://deno.land/std@0.153.0/node/_fs/_fs_fstat.ts": "559ff6ff094337db37b0f3108aeaecf42672795af45b206adbd90105afebf9c6",
    "https://deno.land/std@0.153.0/node/_fs/_fs_fsync.ts": "590be69ce5363dd4f8867f244cfabe8df89d40f86bbbe44fd00d69411d0b798e",
    "https://deno.land/std@0.153.0/node/_fs/_fs_ftruncate.ts": "8eb2a9fcf026bd9b85dc07a22bc452c48db4be05ab83f5f2b6a0549e15c1f75f",
    "https://deno.land/std@0.153.0/node/_fs/_fs_futimes.ts": "a3aff00e57144fd60bb82e3208bca53915173223d95f4172bd60a940e11ca258",
    "https://deno.land/std@0.153.0/node/_fs/_fs_link.ts": "f7c60f989a60becd6cdc1c553122be34f7c2ed83a900448757982683cebc0ffd",
    "https://deno.land/std@0.153.0/node/_fs/_fs_lstat.ts": "c26a406ccdbc95dd7dab75aca0019b45b41edc07bebd40d9de183780d647a064",
    "https://deno.land/std@0.153.0/node/_fs/_fs_mkdir.ts": "0949fcfbca0fe505c286140cd9fc82dcc0e7d95b6eead1adb14292179750def6",
    "https://deno.land/std@0.153.0/node/_fs/_fs_mkdtemp.ts": "280ecc74cc08e6f5425bcae0f719ddcd7f4bc2b0f292fed6bec88a31e698b5aa",
    "https://deno.land/std@0.153.0/node/_fs/_fs_open.ts": "092af7646bc2e915dfa529906c2f0d0f9a014f66df8423885f0956708ec0e431",
    "https://deno.land/std@0.153.0/node/_fs/_fs_read.ts": "cb3efc238117b39d3f79aeaa94aad28442d5bfd810b45ad0906fa406844516d4",
    "https://deno.land/std@0.153.0/node/_fs/_fs_readFile.ts": "7c42f8cb4bad2e37a53314de7831c0735bae010712fd914471850caa4d322ffd",
    "https://deno.land/std@0.153.0/node/_fs/_fs_readdir.ts": "8d186b470aea8411c794687b20effaf1f478abb59956c67b671691d9444b7786",
    "https://deno.land/std@0.153.0/node/_fs/_fs_readlink.ts": "a5582656af6f09361ecb408ed3c0ad3cc3afd683403539e4c22aa06deab90fc0",
    "https://deno.land/std@0.153.0/node/_fs/_fs_realpath.ts": "0bf961c7b13d83e39b21255237b7ef352beb778a8274d03f2419907a8cd5c09c",
    "https://deno.land/std@0.153.0/node/_fs/_fs_rename.ts": "9aa3cf6643499a38ccbfb14435239c7fc0da6b4cb5b5ab1c9e676d42daf27b71",
    "https://deno.land/std@0.153.0/node/_fs/_fs_rm.ts": "82e926fe3e11e2a7f56116d3b7005372c339010cc1a7566a37a5591d19d680c6",
    "https://deno.land/std@0.153.0/node/_fs/_fs_rmdir.ts": "109fb603373cf5318f8d2e19b3704b8493b4de954873df28a0d066afd0b0f5e0",
    "https://deno.land/std@0.153.0/node/_fs/_fs_stat.ts": "4ccc93cd1938e5dcc5298feb9c6f0bc9f444fa8565c726854ea40210b93d254c",
    "https://deno.land/std@0.153.0/node/_fs/_fs_streams.ts": "b06c3c441ac73b82ec787807e5ab5f5b8b39de84f823954f223fe04cb5ee0271",
    "https://deno.land/std@0.153.0/node/_fs/_fs_symlink.ts": "a9fe02e745a8ab28e152f37e316cb204382f86ebafc3bcf32a9374cf9d369181",
    "https://deno.land/std@0.153.0/node/_fs/_fs_truncate.ts": "1fe9cba3a54132426927639c024a7a354455e5a13b3b3143ad1c25ed0b5fc288",
    "https://deno.land/std@0.153.0/node/_fs/_fs_unlink.ts": "d845c8067a2ba55c443e04d2706e6a4e53735488b30fc317418c9f75127913b0",
    "https://deno.land/std@0.153.0/node/_fs/_fs_utimes.ts": "0e371d1dd361c5204f3a0a511ad58ffa4b793f555a91c10495e7ef48e8c11802",
    "https://deno.land/std@0.153.0/node/_fs/_fs_watch.ts": "aef811e78e04cff3da30dcd334af8d85018f915d1ec7b95f05b2e4c48a7b7a4f",
    "https://deno.land/std@0.153.0/node/_fs/_fs_write.mjs": "a1f2aae3c64cc86ea8acc83972a07459b4ad0b305fe75e24f1754eacc9d2c537",
    "https://deno.land/std@0.153.0/node/_fs/_fs_writeFile.ts": "550b43b6223cf2feb8c3a829d2e0ca836b67da8688599408edf4fdd97bfbcbb6",
    "https://deno.land/std@0.153.0/node/_fs/_fs_writev.mjs": "274df0a109010862c8f8b320dc7784de9bd9425fe2a6afd05f1f06f547a25cba",
    "https://deno.land/std@0.153.0/node/_next_tick.ts": "ec6772f13b0b78edd1b679502501210abdcdd5b170aa6b90ec28dfd67dcd30ae",
    "https://deno.land/std@0.153.0/node/_process/exiting.ts": "bc9694769139ffc596f962087155a8bfef10101d03423b9dcbc51ce6e1f88fce",
    "https://deno.land/std@0.153.0/node/_process/process.ts": "71c22bd237ce970460dfd1e4f14aba42e6762febc31df9f3c505c3d7328b8232",
    "https://deno.land/std@0.153.0/node/_process/stdio.mjs": "971c3b086040d8521562155db13f22f9971d5c42c852b2081d4d2f0d8b6ab6bd",
    "https://deno.land/std@0.153.0/node/_process/streams.mjs": "da4dc14ad62a72d3efbaec6a660567a778653cb1b8d7a0d17fedba909574263d",
    "https://deno.land/std@0.153.0/node/_stream.mjs": "07f6cbabaad0382fb4b9a25e70ac3093a44022b859247f64726746e6373f1c91",
    "https://deno.land/std@0.153.0/node/_util/_util_callbackify.ts": "a71353d5fde3dc785cfdf6b6bcad1379a9c78b374720af4aaa7f88ffab2bac0e",
    "https://deno.land/std@0.153.0/node/_utils.ts": "6a695598008a7bdf820b0785f3bc2fcbedbb48803365ae787e523e05b182cf73",
    "https://deno.land/std@0.153.0/node/buffer.ts": "0e4e409bc03754e99c3e9fbdd10ff50834fd5d6e8654f70efeff054afde58821",
    "https://deno.land/std@0.153.0/node/events.ts": "f848398d3591534ca94ac6b852a9f3c4dbb2da310c3a26059cf4ff06b7eae088",
    "https://deno.land/std@0.153.0/node/fs.ts": "81bc08977c29725ae0fb88acb22b4c77d73b2e376697614e53fe218565339226",
    "https://deno.land/std@0.153.0/node/internal/assert.mjs": "118327c8866266534b30d3a36ad978204af7336dc2db3158b8167192918d4e06",
    "https://deno.land/std@0.153.0/node/internal/blob.mjs": "52080b2f40b114203df67f8a6650f9fe3c653912b8b3ef2f31f029853df4db53",
    "https://deno.land/std@0.153.0/node/internal/buffer.mjs": "6662fe7fe517329453545be34cea27a24f8ccd6d09afd4f609f11ade2b6dfca7",
    "https://deno.land/std@0.153.0/node/internal/crypto/_keys.ts": "7f993ece8c8e94a292944518cf4173521c6bf01785e75be014cd45a9cc2e4ad5",
    "https://deno.land/std@0.153.0/node/internal/crypto/constants.ts": "d2c8821977aef55e4d66414d623c24a2447791a8b49b6404b8db32d81e20c315",
    "https://deno.land/std@0.153.0/node/internal/error_codes.ts": "ac03c4eae33de3a69d6c98e8678003207eecf75a6900eb847e3fea3c8c9e6d8f",
    "https://deno.land/std@0.153.0/node/internal/errors.ts": "ef73e8d8da8fa5b979f0dee10474e75a7cf581852be04cde68b707332d9aa1e2",
    "https://deno.land/std@0.153.0/node/internal/fixed_queue.ts": "455b3c484de48e810b13bdf95cd1658ecb1ba6bcb8b9315ffe994efcde3ba5f5",
    "https://deno.land/std@0.153.0/node/internal/fs/streams.ts": "c925db185efdf56c35cde8270c07d61698b80603a90e07caf1cb4ff80abf195b",
    "https://deno.land/std@0.153.0/node/internal/fs/utils.mjs": "358c6437d404a1d4acefdade89e91da2002f6f07d8b13b8041434f3ffdc0d928",
    "https://deno.land/std@0.153.0/node/internal/hide_stack_frames.ts": "a91962ec84610bc7ec86022c4593cdf688156a5910c07b5bcd71994225c13a03",
    "https://deno.land/std@0.153.0/node/internal/idna.ts": "3aed89919e3078160733b6e6ac60fdb06052cf0418acbabcf86f90017d102b78",
    "https://deno.land/std@0.153.0/node/internal/net.ts": "1239886cd2508a68624c2dae8abf895e8aa3bb15a748955349f9ac5539032238",
    "https://deno.land/std@0.153.0/node/internal/normalize_encoding.mjs": "3779ec8a7adf5d963b0224f9b85d1bc974a2ec2db0e858396b5d3c2c92138a0a",
    "https://deno.land/std@0.153.0/node/internal/options.ts": "a23c285975e058cb26a19abcb048cd8b46ab12d21cfb028868ac8003fffb43ac",
    "https://deno.land/std@0.153.0/node/internal/process/per_thread.mjs": "bc1be72a6a662bf81573c20fe74893374847a7302065ddf52fb3fb2af505f31f",
    "https://deno.land/std@0.153.0/node/internal/querystring.ts": "c3b23674a379f696e505606ddce9c6feabe9fc497b280c56705c340f4028fe74",
    "https://deno.land/std@0.153.0/node/internal/readline/callbacks.mjs": "1aa7d97dbc10ed85474ca046518793cfe6490ec008aac875bb437ded32f9254e",
    "https://deno.land/std@0.153.0/node/internal/readline/utils.mjs": "a93ebb99f85e0dbb4f05f4aff5583d12a15150e45c335e4ecf925e1879dc9c84",
    "https://deno.land/std@0.153.0/node/internal/streams/_utils.ts": "77fceaa766679847e4d4c3c96b2573c00a790298d90551e8e4df1d5e0fdaad3b",
    "https://deno.land/std@0.153.0/node/internal/streams/add-abort-signal.mjs": "5623b83fa64d439cc4a1f09ae47ec1db29512cc03479389614d8f62a37902f5e",
    "https://deno.land/std@0.153.0/node/internal/streams/buffer_list.mjs": "c6a7b29204fae025ff5e9383332acaea5d44bc7c522a407a79b8f7a6bc6c312d",
    "https://deno.land/std@0.153.0/node/internal/streams/compose.mjs": "b522daab35a80ae62296012a4254fd7edfc0366080ffe63ddda4e38fe6b6803e",
    "https://deno.land/std@0.153.0/node/internal/streams/destroy.mjs": "9c9bbeb172a437041d529829f433df72cf0b63ae49f3ee6080a55ffbef7572ad",
    "https://deno.land/std@0.153.0/node/internal/streams/duplex.mjs": "9ee2cc5d6d23f9be3432a50a7bdd7a15408bac2bfbf9ccd7424342388be6150c",
    "https://deno.land/std@0.153.0/node/internal/streams/end-of-stream.mjs": "38be76eaceac231dfde643e72bc0940625446bf6d1dbd995c91c5ba9fd59b338",
    "https://deno.land/std@0.153.0/node/internal/streams/from.mjs": "134255c698ed63b33199911eb8e042f8f67e9682409bb11552e6120041ed1872",
    "https://deno.land/std@0.153.0/node/internal/streams/legacy.mjs": "6ea28db95d4503447473e62f0b23ff473bfe1751223c33a3c5816652e93b257a",
    "https://deno.land/std@0.153.0/node/internal/streams/passthrough.mjs": "a51074193b959f3103d94de41e23a78dfcff532bdba53af9146b86340d85eded",
    "https://deno.land/std@0.153.0/node/internal/streams/pipeline.mjs": "9890b121759ede869174ef70c011fde964ca94d81f2ed97b8622d7cb17b49285",
    "https://deno.land/std@0.153.0/node/internal/streams/readable.mjs": "d566a47ad3bbda2fbd9e9d77acec729b63813b2f31c7a229526f849619d3dc28",
    "https://deno.land/std@0.153.0/node/internal/streams/state.mjs": "9ef917392a9d8005a6e038260c5fd31518d2753aea0bc9e39824c199310434cb",
    "https://deno.land/std@0.153.0/node/internal/streams/transform.mjs": "3b361abad2ac78f7ccb6f305012bafdc0e983dfa4bb6ecddb4626e34a781a5f5",
    "https://deno.land/std@0.153.0/node/internal/streams/utils.mjs": "06c21d0db0d51f1bf1e3225a661c3c29909be80355d268e64ee5922fc5eb6c5e",
    "https://deno.land/std@0.153.0/node/internal/streams/writable.mjs": "5133c66237bf31043aec98092d1589a14483077424bba862511846e9287d2eae",
    "https://deno.land/std@0.153.0/node/internal/url.ts": "eacef0ace4f4c5394e9818a81499f4871b2a993d1bd3b902047e44a381ef0e22",
    "https://deno.land/std@0.153.0/node/internal/util.mjs": "98b26aa4eb6ca70fe6c140eb296759cea54fe1b46a87a91288073dbc88d46eb0",
    "https://deno.land/std@0.153.0/node/internal/util/comparisons.ts": "666e75e01a85b5d3410e43625ab9fc165811439aa1298c14054acb64b670dc48",
    "https://deno.land/std@0.153.0/node/internal/util/debuglog.ts": "6f12a764f5379e9d2675395d15d2fb48bd7376921ef64006ffb022fc7f44ab82",
    "https://deno.land/std@0.153.0/node/internal/util/inspect.mjs": "1ddace0c97719d2cc0869ba177d375e96051301352ec235cbfb2ecbfcd4e8fba",
    "https://deno.land/std@0.153.0/node/internal/util/types.ts": "de6e2b7f9b9985ab881b1e78f05ae51d1fc829ae1584063df21e57b35312f3c4",
    "https://deno.land/std@0.153.0/node/internal/validators.mjs": "a7e82eafb7deb85c332d5f8d9ffef052f46a42d4a121eada4a54232451acc49a",
    "https://deno.land/std@0.153.0/node/internal_binding/_libuv_winerror.ts": "801e05c2742ae6cd42a5f0fd555a255a7308a65732551e962e5345f55eedc519",
    "https://deno.land/std@0.153.0/node/internal_binding/_listen.ts": "c15a356ef4758770fc72d3ca4db33f0cc321016df1aafb927c027c0d73ac2c42",
    "https://deno.land/std@0.153.0/node/internal_binding/_node.ts": "e4075ba8a37aef4eb5b592c8e3807c39cb49ca8653faf8e01a43421938076c1b",
    "https://deno.land/std@0.153.0/node/internal_binding/_timingSafeEqual.ts": "80640f055101071cb3680a2d8a1fead5fd260ca8bf183efb94296b69463e06cd",
    "https://deno.land/std@0.153.0/node/internal_binding/_utils.ts": "1c50883b5751a9ea1b38951e62ed63bacfdc9d69ea665292edfa28e1b1c5bd94",
    "https://deno.land/std@0.153.0/node/internal_binding/_winerror.ts": "8811d4be66f918c165370b619259c1f35e8c3e458b8539db64c704fbde0a7cd2",
    "https://deno.land/std@0.153.0/node/internal_binding/ares.ts": "33ff8275bc11751219af8bd149ea221c442d7e8676e3e9f20ccb0e1f0aac61b8",
    "https://deno.land/std@0.153.0/node/internal_binding/async_wrap.ts": "b83e4021a4854b2e13720f96d21edc11f9905251c64c1bc625a361f574400959",
    "https://deno.land/std@0.153.0/node/internal_binding/buffer.ts": "781e1d13adc924864e6e37ecb5152e8a4e994cf394695136e451c47f00bda76c",
    "https://deno.land/std@0.153.0/node/internal_binding/cares_wrap.ts": "720e6d5cff7018bb3d00e1a49dd4c31f0fc6af3a593ab68cd39e3592ed163d61",
    "https://deno.land/std@0.153.0/node/internal_binding/config.ts": "e292217d048a33573966b7d25352828d3282921fbcadce8735a20fb3da370cc4",
    "https://deno.land/std@0.153.0/node/internal_binding/connection_wrap.ts": "9debd4210d29c658054476fcb640c900725f564ef35412c56dc79eb07213a7c1",
    "https://deno.land/std@0.153.0/node/internal_binding/constants.ts": "f4afc504137fb21f3908ab549931604968dfa62432b285a0874f41c4cade9ed2",
    "https://deno.land/std@0.153.0/node/internal_binding/contextify.ts": "e292217d048a33573966b7d25352828d3282921fbcadce8735a20fb3da370cc4",
    "https://deno.land/std@0.153.0/node/internal_binding/credentials.ts": "e292217d048a33573966b7d25352828d3282921fbcadce8735a20fb3da370cc4",
    "https://deno.land/std@0.153.0/node/internal_binding/crypto.ts": "d7f39700dc020364edf7f4785e5026bb91f099ce1bd02734182451b1af300c8c",
    "https://deno.land/std@0.153.0/node/internal_binding/errors.ts": "e292217d048a33573966b7d25352828d3282921fbcadce8735a20fb3da370cc4",
    "https://deno.land/std@0.153.0/node/internal_binding/fs.ts": "e292217d048a33573966b7d25352828d3282921fbcadce8735a20fb3da370cc4",
    "https://deno.land/std@0.153.0/node/internal_binding/fs_dir.ts": "e292217d048a33573966b7d25352828d3282921fbcadce8735a20fb3da370cc4",
    "https://deno.land/std@0.153.0/node/internal_binding/fs_event_wrap.ts": "e292217d048a33573966b7d25352828d3282921fbcadce8735a20fb3da370cc4",
    "https://deno.land/std@0.153.0/node/internal_binding/handle_wrap.ts": "9a969e85d9997d4194f4cf6282d7d5a45d7daeb85201a44067de66dccb97eaec",
    "https://deno.land/std@0.153.0/node/internal_binding/heap_utils.ts": "e292217d048a33573966b7d25352828d3282921fbcadce8735a20fb3da370cc4",
    "https://deno.land/std@0.153.0/node/internal_binding/http_parser.ts": "e292217d048a33573966b7d25352828d3282921fbcadce8735a20fb3da370cc4",
    "https://deno.land/std@0.153.0/node/internal_binding/icu.ts": "e292217d048a33573966b7d25352828d3282921fbcadce8735a20fb3da370cc4",
    "https://deno.land/std@0.153.0/node/internal_binding/inspector.ts": "e292217d048a33573966b7d25352828d3282921fbcadce8735a20fb3da370cc4",
    "https://deno.land/std@0.153.0/node/internal_binding/js_stream.ts": "e292217d048a33573966b7d25352828d3282921fbcadce8735a20fb3da370cc4",
    "https://deno.land/std@0.153.0/node/internal_binding/messaging.ts": "e292217d048a33573966b7d25352828d3282921fbcadce8735a20fb3da370cc4",
    "https://deno.land/std@0.153.0/node/internal_binding/mod.ts": "f68e74e8eed84eaa6b0de24f0f4c47735ed46866d7ee1c5a5e7c0667b4f0540f",
    "https://deno.land/std@0.153.0/node/internal_binding/module_wrap.ts": "e292217d048a33573966b7d25352828d3282921fbcadce8735a20fb3da370cc4",
    "https://deno.land/std@0.153.0/node/internal_binding/native_module.ts": "e292217d048a33573966b7d25352828d3282921fbcadce8735a20fb3da370cc4",
    "https://deno.land/std@0.153.0/node/internal_binding/natives.ts": "e292217d048a33573966b7d25352828d3282921fbcadce8735a20fb3da370cc4",
    "https://deno.land/std@0.153.0/node/internal_binding/node_file.ts": "c96ee0b2af319a3916de950a6c4b0d5fb00d09395c51cd239c54d95d62567aaf",
    "https://deno.land/std@0.153.0/node/internal_binding/node_options.ts": "3cd5706153d28a4f5944b8b162c1c61b7b8e368a448fb1a2cff9f7957d3db360",
    "https://deno.land/std@0.153.0/node/internal_binding/options.ts": "e292217d048a33573966b7d25352828d3282921fbcadce8735a20fb3da370cc4",
    "https://deno.land/std@0.153.0/node/internal_binding/os.ts": "e292217d048a33573966b7d25352828d3282921fbcadce8735a20fb3da370cc4",
    "https://deno.land/std@0.153.0/node/internal_binding/performance.ts": "e292217d048a33573966b7d25352828d3282921fbcadce8735a20fb3da370cc4",
    "https://deno.land/std@0.153.0/node/internal_binding/pipe_wrap.ts": "cd36df85afde429027b1a7399d6b74ca79e4f9bb4d52b3359cdacfd6416ce13d",
    "https://deno.land/std@0.153.0/node/internal_binding/process_methods.ts": "e292217d048a33573966b7d25352828d3282921fbcadce8735a20fb3da370cc4",
    "https://deno.land/std@0.153.0/node/internal_binding/report.ts": "e292217d048a33573966b7d25352828d3282921fbcadce8735a20fb3da370cc4",
    "https://deno.land/std@0.153.0/node/internal_binding/serdes.ts": "e292217d048a33573966b7d25352828d3282921fbcadce8735a20fb3da370cc4",
    "https://deno.land/std@0.153.0/node/internal_binding/signal_wrap.ts": "e292217d048a33573966b7d25352828d3282921fbcadce8735a20fb3da370cc4",
    "https://deno.land/std@0.153.0/node/internal_binding/spawn_sync.ts": "e292217d048a33573966b7d25352828d3282921fbcadce8735a20fb3da370cc4",
    "https://deno.land/std@0.153.0/node/internal_binding/stream_wrap.ts": "ecbd50a6c6ff7f6fea9bdfdc7b3977637cd854814c812b59296458ca2f0fc209",
    "https://deno.land/std@0.153.0/node/internal_binding/string_decoder.ts": "5cb1863763d1e9b458bc21d6f976f16d9c18b3b3f57eaf0ade120aee38fba227",
    "https://deno.land/std@0.153.0/node/internal_binding/symbols.ts": "51cfca9bb6132d42071d4e9e6b68a340a7f274041cfcba3ad02900886e972a6c",
    "https://deno.land/std@0.153.0/node/internal_binding/task_queue.ts": "e292217d048a33573966b7d25352828d3282921fbcadce8735a20fb3da370cc4",
    "https://deno.land/std@0.153.0/node/internal_binding/tcp_wrap.ts": "3092cfa8186273f3e409162172f628215096c7d1befd76db2b21adef3a0483b9",
    "https://deno.land/std@0.153.0/node/internal_binding/timers.ts": "e292217d048a33573966b7d25352828d3282921fbcadce8735a20fb3da370cc4",
    "https://deno.land/std@0.153.0/node/internal_binding/tls_wrap.ts": "e292217d048a33573966b7d25352828d3282921fbcadce8735a20fb3da370cc4",
    "https://deno.land/std@0.153.0/node/internal_binding/trace_events.ts": "e292217d048a33573966b7d25352828d3282921fbcadce8735a20fb3da370cc4",
    "https://deno.land/std@0.153.0/node/internal_binding/tty_wrap.ts": "e292217d048a33573966b7d25352828d3282921fbcadce8735a20fb3da370cc4",
    "https://deno.land/std@0.153.0/node/internal_binding/types.ts": "4c26fb74ba2e45de553c15014c916df6789529a93171e450d5afb016b4c765e7",
    "https://deno.land/std@0.153.0/node/internal_binding/udp_wrap.ts": "1ed1758ba000e124228026cd37d41f0a156da3c435489786e5fadfc5c3abd951",
    "https://deno.land/std@0.153.0/node/internal_binding/url.ts": "e292217d048a33573966b7d25352828d3282921fbcadce8735a20fb3da370cc4",
    "https://deno.land/std@0.153.0/node/internal_binding/util.ts": "faf5146c3cc3b2d6c26026a818b4a16e91488ab26e63c069f36ba3c3ae24c97b",
    "https://deno.land/std@0.153.0/node/internal_binding/uv.ts": "aa1db842936e77654522d9136bb2ae191bf334423f58962a8a7404b6635b5b49",
    "https://deno.land/std@0.153.0/node/internal_binding/v8.ts": "e292217d048a33573966b7d25352828d3282921fbcadce8735a20fb3da370cc4",
    "https://deno.land/std@0.153.0/node/internal_binding/worker.ts": "e292217d048a33573966b7d25352828d3282921fbcadce8735a20fb3da370cc4",
    "https://deno.land/std@0.153.0/node/internal_binding/zlib.ts": "e292217d048a33573966b7d25352828d3282921fbcadce8735a20fb3da370cc4",
    "https://deno.land/std@0.153.0/node/path.ts": "c65858e9cbb52dbc0dd348eefcdc41e82906c39cfa7982f2d4d805e828414b8c",
    "https://deno.land/std@0.153.0/node/path/_constants.ts": "591787ca44a55859644a2d5dbaef43698ab29e72e58fd498ea5e8f78a341ba20",
    "https://deno.land/std@0.153.0/node/path/_interface.ts": "6034ee29f6f295460ec82db1a94df9269aecbb0eceb81be72e9d843f8e8a97e6",
    "https://deno.land/std@0.153.0/node/path/_util.ts": "70b4b58098c4638f3bf719fa700c95e308e3984a3f9aca551fab713426ba3cbe",
    "https://deno.land/std@0.153.0/node/path/common.ts": "f41a38a0719a1e85aa11c6ba3bea5e37c15dd009d705bd8873f94c833568cbc4",
    "https://deno.land/std@0.153.0/node/path/glob.ts": "d6b64a24f148855a6e8057a171a2f9910c39e492e4ccec482005205b28eb4533",
    "https://deno.land/std@0.153.0/node/path/mod.ts": "f9125e20031aac43eef8baa58d852427c762541574513f6870d1d0abd8103252",
    "https://deno.land/std@0.153.0/node/path/posix.ts": "8d92e4e7a9257eebe13312623a89fa0bdc8f75f81adc66641e10edc0a03bc3dd",
    "https://deno.land/std@0.153.0/node/path/separator.ts": "c908c9c28ebe7f1fea67daaccf84b63af90d882fe986f9fa03af9563a852723a",
    "https://deno.land/std@0.153.0/node/path/win32.ts": "06878dde1d89232c8c0dedd4ebe0420cc0ca73696f6028e4c57f802d9f7998a3",
    "https://deno.land/std@0.153.0/node/process.ts": "92c89735072d9b851a23d449d1f0eb4729248a0ef2633588fb4686e62ec16674",
    "https://deno.land/std@0.153.0/node/querystring.ts": "dadf881a61d95eb8b6930a00dc4e297e27b8e79961e65ab3e7f5ed34f150ba82",
    "https://deno.land/std@0.153.0/node/stream.ts": "d127faa074a9e3886e4a01dcfe9f9a6a4b5641f76f6acc356e8ded7da5dc2c81",
    "https://deno.land/std@0.153.0/node/stream/promises.mjs": "b263c09f2d6bd715dc514fab3f99cca84f442e2d23e87adbe76e32ea46fc87e6",
    "https://deno.land/std@0.153.0/node/string_decoder.ts": "51ce85a173d2e36ac580d418bb48b804adb41732fc8bd85f7d5d27b7accbc61f",
    "https://deno.land/std@0.153.0/node/url.ts": "67d9f31d041dfbd7720e94d714dc27550d0448869d9a1b03200044ab563401c2",
    "https://deno.land/std@0.153.0/node/util.ts": "1bc9e881521b024818dc8727c746b54f835fe1b4c20ff049c5aa932f6c387593",
    "https://deno.land/std@0.153.0/node/util/types.ts": "5948b43e834f73a4becf85b02049632560c65da9c1127e5c533c83d200d3dfcd",
    "https://deno.land/std@0.153.0/path/_constants.ts": "df1db3ffa6dd6d1252cc9617e5d72165cd2483df90e93833e13580687b6083c3",
    "https://deno.land/std@0.153.0/path/_interface.ts": "ee3b431a336b80cf445441109d089b70d87d5e248f4f90ff906820889ecf8d09",
    "https://deno.land/std@0.153.0/path/_util.ts": "d16be2a16e1204b65f9d0dfc54a9bc472cafe5f4a190b3c8471ec2016ccd1677",
    "https://deno.land/std@0.153.0/path/common.ts": "bee563630abd2d97f99d83c96c2fa0cca7cee103e8cb4e7699ec4d5db7bd2633",
    "https://deno.land/std@0.153.0/path/glob.ts": "cb5255638de1048973c3e69e420c77dc04f75755524cb3b2e160fe9277d939ee",
    "https://deno.land/std@0.153.0/path/mod.ts": "56fec03ad0ebd61b6ab39ddb9b0ddb4c4a5c9f2f4f632e09dd37ec9ebfd722ac",
    "https://deno.land/std@0.153.0/path/posix.ts": "c1f7afe274290ea0b51da07ee205653b2964bd74909a82deb07b69a6cc383aaa",
    "https://deno.land/std@0.153.0/path/separator.ts": "fe1816cb765a8068afb3e8f13ad272351c85cbc739af56dacfc7d93d710fe0f9",
    "https://deno.land/std@0.153.0/path/win32.ts": "bd7549042e37879c68ff2f8576a25950abbfca1d696d41d82c7bca0b7e6f452c",
    "https://deno.land/std@0.153.0/streams/conversion.ts": "fc4eb76a14148c43f0b85e903a5a1526391aa40ed9434dc21e34f88304eb823e",
    "https://deno.land/std@0.153.0/testing/_diff.ts": "141f978a283defc367eeee3ff7b58aa8763cf7c8e0c585132eae614468e9d7b8",
    "https://deno.land/std@0.153.0/testing/_format.ts": "cd11136e1797791045e639e9f0f4640d5b4166148796cad37e6ef75f7d7f3832",
    "https://deno.land/std@0.153.0/testing/asserts.ts": "d6595cfc330b4233546a047a0d7d57940771aa9d97a172ceb91e84ae6200b3af",
    "https://deno.land/std@0.196.0/_util/os.ts": "d932f56d41e4f6a6093d56044e29ce637f8dcc43c5a90af43504a889cf1775e3",
    "https://deno.land/std@0.196.0/assert/assert.ts": "9a97dad6d98c238938e7540736b826440ad8c1c1e54430ca4c4e623e585607ee",
    "https://deno.land/std@0.196.0/assert/assertion_error.ts": "4d0bde9b374dfbcbe8ac23f54f567b77024fb67dbb1906a852d67fe050d42f56",
    "https://deno.land/std@0.196.0/encoding/base64.ts": "144ae6234c1fbe5b68666c711dc15b1e9ee2aef6d42b3b4345bf9a6c91d70d0d",
    "https://deno.land/std@0.196.0/fmt/colors.ts": "a7eecffdf3d1d54db890723b303847b6e0a1ab4b528ba6958b8f2e754cf1b3bc",
    "https://deno.land/std@0.196.0/path/_constants.ts": "e49961f6f4f48039c0dfed3c3f93e963ca3d92791c9d478ac5b43183413136e0",
    "https://deno.land/std@0.196.0/path/_interface.ts": "6471159dfbbc357e03882c2266d21ef9afdb1e4aa771b0545e90db58a0ba314b",
    "https://deno.land/std@0.196.0/path/_util.ts": "d7abb1e0dea065f427b89156e28cdeb32b045870acdf865833ba808a73b576d0",
    "https://deno.land/std@0.196.0/path/common.ts": "ee7505ab01fd22de3963b64e46cff31f40de34f9f8de1fff6a1bd2fe79380000",
    "https://deno.land/std@0.196.0/path/glob.ts": "d479e0a695621c94d3fd7fe7abd4f9499caf32a8de13f25073451c6ef420a4e1",
    "https://deno.land/std@0.196.0/path/mod.ts": "f065032a7189404fdac3ad1a1551a9ac84751d2f25c431e101787846c86c79ef",
    "https://deno.land/std@0.196.0/path/posix.ts": "8b7c67ac338714b30c816079303d0285dd24af6b284f7ad63da5b27372a2c94d",
    "https://deno.land/std@0.196.0/path/separator.ts": "0fb679739d0d1d7bf45b68dacfb4ec7563597a902edbaf3c59b50d5bcadd93b1",
    "https://deno.land/std@0.196.0/path/win32.ts": "4fca292f8d116fd6d62f243b8a61bd3d6835a9f0ede762ba5c01afe7c3c0aa12",
    "https://deno.land/std@0.208.0/assert/assert.ts": "9a97dad6d98c238938e7540736b826440ad8c1c1e54430ca4c4e623e585607ee",
    "https://deno.land/std@0.208.0/assert/assertion_error.ts": "4d0bde9b374dfbcbe8ac23f54f567b77024fb67dbb1906a852d67fe050d42f56",
    "https://deno.land/std@0.208.0/crypto/_fnv/fnv32.ts": "e4649dfdefc5c987ed53c3c25db62db771a06d9d1b9c36d2b5cf0853b8e82153",
    "https://deno.land/std@0.208.0/crypto/_fnv/fnv64.ts": "bfa0e4702061fdb490a14e6bf5f9168a22fb022b307c5723499469bfefca555e",
    "https://deno.land/std@0.208.0/crypto/_fnv/mod.ts": "f956a95f58910f223e420340b7404702ecd429603acd4491fa77af84f746040c",
    "https://deno.land/std@0.208.0/crypto/_fnv/util.ts": "accba12bfd80a352e32a872f87df2a195e75561f1b1304a4cb4f5a4648d288f9",
    "https://deno.land/std@0.208.0/crypto/_wasm/lib/deno_std_wasm_crypto.generated.mjs": "c41c4676a3ea2a92e8fdff55434533474131e4dfac2262a6a6c81631069808d8",
    "https://deno.land/std@0.208.0/crypto/_wasm/mod.ts": "d7b7dc54bbd6b02c16cd08e8e3d30fa9aa9692efb112a7ab5d8595827b9a0234",
    "https://deno.land/std@0.208.0/crypto/crypto.ts": "91c67764abb640b3e2a0b46867704d02077c0b1f978f5c711e4408e5d856717d",
    "https://deno.land/std@0.208.0/crypto/mod.ts": "e49caf22e980db882b917c48ac119e44c46ab57399cb565c2cd3138f8c33835e",
    "https://deno.land/std@0.208.0/crypto/timing_safe_equal.ts": "f6edc08d702f660b1ab3505b74d53a9d499e34a1351f6ab70f5ce8653fee8fb7",
    "https://deno.land/std@0.208.0/crypto/to_hash_string.ts": "5a687ffee6b54c935a84394c8f2394c2e1bf62bbff0f855b8ab6f5669e47cc8a",
    "https://deno.land/std@0.208.0/crypto/unstable_keystack.ts": "c53d746f91a2c6844b92fe6d8670af92d4de19d12af677406700f8ad61466bde",
    "https://deno.land/std@0.208.0/encoding/_util.ts": "f368920189c4fe6592ab2e93bd7ded8f3065b84f95cd3e036a4a10a75649dcba",
    "https://deno.land/std@0.208.0/encoding/base64.ts": "81c0ecff5ccb402def58ca03d8bd245bd01da15a077d3362b568e991aa10f4d9",
    "https://deno.land/std@0.208.0/encoding/base64url.ts": "b15a4c8c988362536334a31dbb75a2429346f8c0f9e2662f961567c5dd2f58e1",
    "https://deno.land/std@0.208.0/encoding/hex.ts": "a384101d02cd87036c708f540825feb5b073c8527a00d635e48b2e69c992a5f9",
    "https://deno.land/x/cliffy@v1.0.0-rc.3/_utils/distance.ts": "02af166952c7c358ac83beae397aa2fbca4ad630aecfcd38d92edb1ea429f004",
    "https://deno.land/x/cliffy@v1.0.0-rc.3/ansi/ansi_escapes.ts": "193b3c3a4e520274bd8322ca4cab1c3ce38070bed1898cb2ade12a585dddd7c9",
    "https://deno.land/x/cliffy@v1.0.0-rc.3/ansi/cursor_position.ts": "caa008d29f7a904908bda514f9839bfbb7a93f2d5f5580501675b646d26a87ff",
    "https://deno.land/x/cliffy@v1.0.0-rc.3/ansi/deps.ts": "f48ae5d066684793f4a203524db2a9fd61f514527934b458006f3e57363c0215",
    "https://deno.land/x/cliffy@v1.0.0-rc.3/ansi/tty.ts": "155aacdcb7dc00f3f95352616a2415c622ffb88db51c5934e5d2e8341eab010b",
    "https://deno.land/x/cliffy@v1.0.0-rc.3/keycode/_key_codes.ts": "917f0a2da0dbace08cf29bcfdaaa2257da9fe7e705fff8867d86ed69dfb08cfe",
    "https://deno.land/x/cliffy@v1.0.0-rc.3/keycode/key_code.ts": "730fa675ca12fc2a99ba718aa8dbebb1f2c89afd47484e30ef3cb705ddfca367",
    "https://deno.land/x/cliffy@v1.0.0-rc.3/prompt/_figures.ts": "e22413ddd51bb271b6b861a058742e83aaa3f62c14e8162cb73ae6f047062f51",
    "https://deno.land/x/cliffy@v1.0.0-rc.3/prompt/_generic_input.ts": "870dad97077582439cee26cb19aec123b4850376331338abdc64a91224733cdc",
    "https://deno.land/x/cliffy@v1.0.0-rc.3/prompt/_generic_list.ts": "8b0bea4521b1e2f62c564e0d3764a63264043694f4228bb0bc0b63ce129ef33b",
    "https://deno.land/x/cliffy@v1.0.0-rc.3/prompt/_generic_prompt.ts": "4c9d9cdeda749620a3f5332524df13d083e2d59b1ed90a003f43cd0991a75a10",
    "https://deno.land/x/cliffy@v1.0.0-rc.3/prompt/_generic_suggestions.ts": "5e6ee1190b4dd5af261ae2ff0196dec7f1988ea9c41c6288cfaece293703002c",
    "https://deno.land/x/cliffy@v1.0.0-rc.3/prompt/_utils.ts": "498ae639d7666599d612b615ee85de9103b3c3a913d5196f6b265072674258c7",
    "https://deno.land/x/cliffy@v1.0.0-rc.3/prompt/checkbox.ts": "9cfd71f1e278d0ef76054be103d956b66995593902c149380d01b1a1647025f3",
    "https://deno.land/x/cliffy@v1.0.0-rc.3/prompt/confirm.ts": "ff892331f6de281079421fe2f57f1d56acb38f28bc48678f87a3fc11ef4a5f7c",
    "https://deno.land/x/cliffy@v1.0.0-rc.3/prompt/deps.ts": "2560142f070bb2668e2e8a74683c799461648b9aad01bbf36b3cad3851d712e6",
    "https://deno.land/x/cliffy@v1.0.0-rc.3/prompt/input.ts": "81821244f895cc4db32c2511c17e21fb48fd7606e300605aeb2a231ab1680544",
    "https://deno.land/x/cliffy@v1.0.0-rc.3/prompt/list.ts": "e5d3e1a6d931b9736d03eec2425fb7b4d2b8d1461a84e210b4787edda414dca4",
    "https://deno.land/x/cliffy@v1.0.0-rc.3/prompt/mod.ts": "f8789193742daf3aba93b543a2ea099383284d60fcccc03567102e28c0d61927",
    "https://deno.land/x/cliffy@v1.0.0-rc.3/prompt/number.ts": "5421bf1b6411a6f02c44da4e867f19e02315450769e0feacab3c1c88cc1b06d6",
    "https://deno.land/x/cliffy@v1.0.0-rc.3/prompt/prompt.ts": "f10e1c8a0c2ca093a485f7f1156342210b27a8cffc96fe0b4cff60007cabab30",
    "https://deno.land/x/cliffy@v1.0.0-rc.3/prompt/secret.ts": "cece271c7ce01e12b249c31c2f9cea9e53b6e6be7621a478dac902bd8f288b61",
    "https://deno.land/x/cliffy@v1.0.0-rc.3/prompt/select.ts": "c10902aeaca02a55d9b846934958dd166ee39c741faebdaa9800689e402186cf",
    "https://deno.land/x/cliffy@v1.0.0-rc.3/prompt/toggle.ts": "028f80de31750e7b5479727a64b4878f090ecd783fe3bb0d286e2e1c29f0eee3",
    "https://deno.land/x/openai@v4.20.1/_shims/MultipartBody.ts": "fe06a56b54ae358c9cf99823096e34b36795fdba2e17513f0e9539210edd797d",
    "https://deno.land/x/openai@v4.20.1/_shims/mod.ts": "df7a905c0bd873d3dab745b9c63403594b1804131b5f533e1e72a2f2747cba74",
    "https://deno.land/x/openai@v4.20.1/core.ts": "f63dd18846582debcbf9834b944f1a65c879b6f9624466d97198291dc0915400",
    "https://deno.land/x/openai@v4.20.1/error.ts": "82962c51d5894159afc3351e31133eacad9405674ea03c8ccd5ce071b88d5ebf",
    "https://deno.land/x/openai@v4.20.1/lib/AbstractChatCompletionRunner.ts": "6b87c60ba510ab029aafa6c24a80e83cf6983b5c519bb80da52266094a66241a",
    "https://deno.land/x/openai@v4.20.1/lib/ChatCompletionRunner.ts": "3c3a7b73cd79651d3aeab78770e35c6f16daa2fe35fbcf98fc74f45498e66f73",
    "https://deno.land/x/openai@v4.20.1/lib/ChatCompletionStream.ts": "39cec326472bb4a6c469638bae96b2d594f744cda1e86983d713360648b68ac1",
    "https://deno.land/x/openai@v4.20.1/lib/ChatCompletionStreamingRunner.ts": "84dee0a2c2c174f32cbd3b8df740979ca49e4b9c765b347113627c5227325f00",
    "https://deno.land/x/openai@v4.20.1/lib/RunnableFunction.ts": "3eb14dbe7e7c56c8d14e22e758b8dd115569dba257a80de86bddce2e1e247957",
    "https://deno.land/x/openai@v4.20.1/lib/chatCompletionUtils.ts": "4991d3e698a54f8e4273eb0f1d73851f7ba549a0a32fabbcd739627677003cb9",
    "https://deno.land/x/openai@v4.20.1/lib/jsonschema.ts": "ed31a7861e19e505c43aa7612579b2739243ee8e8dd47ccb5f8908fa5ff3b5f0",
    "https://deno.land/x/openai@v4.20.1/mod.ts": "323df13276faead49d212ecbb535a4cd253ce911cdd527d514cbc3b16a92d066",
    "https://deno.land/x/openai@v4.20.1/pagination.ts": "cff578222c3cd20ba48d86ddc596b45c45f134e8e0f1fd84ee6ee7438457fecf",
    "https://deno.land/x/openai@v4.20.1/resource.ts": "ab3af12d680ecd58fad8f1ff5cd64b48314155bfbd1c4498d1cadd914f8a1316",
    "https://deno.land/x/openai@v4.20.1/resources/audio/audio.ts": "5e29281f42c8938e9ae93284fc360b4d7fa9c21cd79fe03a48e98e8b317edab0",
    "https://deno.land/x/openai@v4.20.1/resources/audio/speech.ts": "8e49ad3a136095e5276e625d5d765fa3a5152ee9fd463fece505245c90f2e419",
    "https://deno.land/x/openai@v4.20.1/resources/audio/transcriptions.ts": "3b6881e3c4ab19a0946f7bc5f91c2e64eefcf8e37fd715ab464d0dc27590df1c",
    "https://deno.land/x/openai@v4.20.1/resources/audio/translations.ts": "9785bc24a8a555e06898a029f943169934f15051862cf7e824f32defdc19d485",
    "https://deno.land/x/openai@v4.20.1/resources/beta/assistants/assistants.ts": "e53e8edb16a1c794a84148a140ddf7e64f0d8c09f557e3925e0ce4972885f7be",
    "https://deno.land/x/openai@v4.20.1/resources/beta/assistants/files.ts": "a923a0ae4f8f7a2953709ba97e7849e212c62571fd6075670ee695b5ed6eb117",
    "https://deno.land/x/openai@v4.20.1/resources/beta/beta.ts": "fbcb0b5065cd8093173544282a9208e6f6b89f66b5dbe62c420cd3ad5fa6aff8",
    "https://deno.land/x/openai@v4.20.1/resources/beta/chat/chat.ts": "27c8bfae3bd25d2c7a76e61af3bb63dbf39406ee826282fb1f1502bd5b577cd3",
    "https://deno.land/x/openai@v4.20.1/resources/beta/chat/completions.ts": "b8465a8ce4eef0321a626d7b81afba082ec00a64049fa608a75fbe4c32e16757",
    "https://deno.land/x/openai@v4.20.1/resources/beta/threads/messages/files.ts": "bd50ec629f6216944a42455ea5f9ec992885df346637f46ede3a4c71fb04246f",
    "https://deno.land/x/openai@v4.20.1/resources/beta/threads/messages/messages.ts": "34ac0d56bf22a5fe6d7853d8c921b81f35817dc76ce7875f7763101bd7449544",
    "https://deno.land/x/openai@v4.20.1/resources/beta/threads/runs/runs.ts": "119df4a929d95228f7cc7da7c360016b7e4792f0e881d2c2e93eb9918ccfec1a",
    "https://deno.land/x/openai@v4.20.1/resources/beta/threads/runs/steps.ts": "f2bf9b8d1e621f4bac680cda81d2d772262fdc36e817f7f00e07b3e3da873957",
    "https://deno.land/x/openai@v4.20.1/resources/beta/threads/threads.ts": "c38ee69e89a6ca36de824fd4b6997c77ac603aa928ffb97ea3e3614a12e34ee4",
    "https://deno.land/x/openai@v4.20.1/resources/chat/chat.ts": "e728dc93430dbfc9e0b8c8fd85586c3df7a62e19e76f8e50cd61908870307b46",
    "https://deno.land/x/openai@v4.20.1/resources/chat/completions.ts": "015a5c554fb66c235eb65d9263105599741e21b9981c193c499b6679d96ded63",
    "https://deno.land/x/openai@v4.20.1/resources/chat/mod.ts": "480cc1f33b18f1336c1a9f7901555a4f90a0e0d76fb6d584719d4d44e904b02e",
    "https://deno.land/x/openai@v4.20.1/resources/completions.ts": "0626392e82360050233b630910f2a36baad3b1bc76bba6f9c2c2f98e08a40e22",
    "https://deno.land/x/openai@v4.20.1/resources/edits.ts": "847a392dfe2d6a3614a20f46e013acaeb06e69de40a4106b012cb99f02fcfc23",
    "https://deno.land/x/openai@v4.20.1/resources/embeddings.ts": "9fb5b08e9e3ab80c05fcf49498a7658c62b3adf00a02955d21dfd6d0d63c144d",
    "https://deno.land/x/openai@v4.20.1/resources/files.ts": "ce845094c3d37267a09a81ff5f0b271e9a7816ee90a584c4d7316f577d8510a7",
    "https://deno.land/x/openai@v4.20.1/resources/fine-tunes.ts": "d4b7f4d758b0bfe6e5350d58ebe57150aa3426dc5143ec5815b4e231adffff0f",
    "https://deno.land/x/openai@v4.20.1/resources/fine-tuning/fine-tuning.ts": "c6021ccd5d6f062e6d6178882fba60fdfe51d5f54a0fd45a62d0823b21ca3314",
    "https://deno.land/x/openai@v4.20.1/resources/fine-tuning/jobs.ts": "9a619aa3f433ab24f8847129329e3d6105f4f59d4a02853e40097c1c423dcbff",
    "https://deno.land/x/openai@v4.20.1/resources/images.ts": "ac7153dd8bb7bdc93efb2ad2868a7acca5688f942936988273e23378a660a345",
    "https://deno.land/x/openai@v4.20.1/resources/mod.ts": "a2217f5ca1dfb6d64f752c673ac0348e85808cf956616571b203365ffe8e002d",
    "https://deno.land/x/openai@v4.20.1/resources/models.ts": "83f81fc5075a6ac2cdb6515014b7e9ce0d311f698ea416e8bf305573786ea809",
    "https://deno.land/x/openai@v4.20.1/resources/moderations.ts": "e3ebf9638af6c18e9a9ea875d1397580a501890ed9bd6710b2248a1b21bec30a",
    "https://deno.land/x/openai@v4.20.1/resources/shared.ts": "a3986a3bbdb8f62da18b5c96d6abef17970e08fbb6e1469917cf7c879de83220",
    "https://deno.land/x/openai@v4.20.1/streaming.ts": "f360cf909b07562330ca75470ae26eecdc35f176af424b0f74ab673a5b242782",
    "https://deno.land/x/openai@v4.20.1/uploads.ts": "96dbd9e7e7b5a9bc3ff38e81f6c1372c2cdce28b38c704cd61c7daeb5494b6f9",
    "https://deno.land/x/openai@v4.20.1/version.ts": "55cb1dcb3480047da666ac02403f7174e8b5c072c4e8483a56e4eab96da13757",
    "https://deno.land/x/tui@2.1.6/mod.ts": "b32347385f2efc7dd90a9e5f6386fded9bde505e3f1c4b07b8509c77206d15a6",
    "https://deno.land/x/tui@2.1.6/src/canvas/box.ts": "3f6a41af65942b069795d895c2a73d039a83ba35c01b5236ea88d1de65ba3ebf",
    "https://deno.land/x/tui@2.1.6/src/canvas/canvas.ts": "31daa080882956f19f5bf8a6b52f7a946ebc34bdba103b007ce4e73c2b922409",
    "https://deno.land/x/tui@2.1.6/src/canvas/draw_object.ts": "2b8a48f10c343aee61d9dc7f00ea7917119ea41374a994e1db7b5b1ee188f0f8",
    "https://deno.land/x/tui@2.1.6/src/canvas/mod.ts": "9da429bfb1d4f53eed661c3e2a2ae4b610380526597aa5f35a6604b810a83ac7",
    "https://deno.land/x/tui@2.1.6/src/canvas/text.ts": "e6c0f5ecb985a037e55397810bc212bae206240acd3e2b15fb786ae2746abdea",
    "https://deno.land/x/tui@2.1.6/src/component.ts": "d7a35cd1a4bc8a6177b047595c86e1df3418b340701e343ee83a08ac7a8005de",
    "https://deno.land/x/tui@2.1.6/src/controls.ts": "1dc43bb0a98ab49d9a139daa27277928d5c507a68191b417f581467b8634f5f7",
    "https://deno.land/x/tui@2.1.6/src/event_emitter.ts": "e4ee1de2037c89952c5c4c54dc336b7992024f0cb41c9e49229944e773386824",
    "https://deno.land/x/tui@2.1.6/src/input.ts": "4ddc4049718847b2f76c2d022b740694ed50f958c2c42bb3a2eacfe0b0d83b0d",
    "https://deno.land/x/tui@2.1.6/src/input_reader/decoders/keyboard.ts": "70d4f54605a650612601e654bc28a5d4260374a893e27b8a86fe7181cb626377",
    "https://deno.land/x/tui@2.1.6/src/input_reader/decoders/mouse.ts": "a119c6261a27fb9b5e1711ba3d5161c45eac5615ea0aa739e4e6bca759434e6e",
    "https://deno.land/x/tui@2.1.6/src/input_reader/mod.ts": "4213a920c69fd51badd1091fe7c61eff1bd1ead32659785c16f976ae377491cc",
    "https://deno.land/x/tui@2.1.6/src/layout/errors.ts": "3df98a8f7747657fd252f602b26e9b5ee130dbfb236bcb4b2d2c912d7ae1eef9",
    "https://deno.land/x/tui@2.1.6/src/layout/grid_layout.ts": "7b2fca94d1a074c61d838c36800dca47f518f720c6539a33d0ad674081a29a76",
    "https://deno.land/x/tui@2.1.6/src/layout/horizontal_layout.ts": "e2ea27519c44c124cb228f19d4b14aa314e7db2cc92ef83fccfa146ced29d4e4",
    "https://deno.land/x/tui@2.1.6/src/layout/mod.ts": "65381a8dd7e8f6287742ebeffef866ae98932d16daf3ea3325f0180b37e327b8",
    "https://deno.land/x/tui@2.1.6/src/layout/types.ts": "ebc78ef4adbf802a49f5319474d81183a2b9edc2947443d9f40f23c4730e16f3",
    "https://deno.land/x/tui@2.1.6/src/layout/vertical_layout.ts": "41f1ec4b897a0f45478b6392f0c74d0c010a74693b99f36f532c85d5525dfca0",
    "https://deno.land/x/tui@2.1.6/src/signals/computed.ts": "824428cfda7c9e4a6aed8caee32a9aa62cd257fac9e7ca64d54c99a15ea56019",
    "https://deno.land/x/tui@2.1.6/src/signals/dependency_tracking.ts": "b89e933a912e8c32881e13ba1555201ec22cc0be69600862ff824f72f1bd6d55",
    "https://deno.land/x/tui@2.1.6/src/signals/effect.ts": "b478ca6469a151e93970679108e01a786b6e121023294d15b7293476161ec049",
    "https://deno.land/x/tui@2.1.6/src/signals/flusher.ts": "b47eeca9547a39487bef56ab82272f050883474995d5e92191296aec936180cb",
    "https://deno.land/x/tui@2.1.6/src/signals/lazy_computed.ts": "b4653efd855ce920657510b4cd086c58a8c72be6511465e3234f4e0b134bb9c6",
    "https://deno.land/x/tui@2.1.6/src/signals/lazy_effect.ts": "b8bdebf29d4b5ae204bc8c0300f03d9c60ff097aef28e0df6515665497b919f0",
    "https://deno.land/x/tui@2.1.6/src/signals/mod.ts": "e76b1303c74c257956d29f9169f3f12af410a0e8540c7a467e5405ba839cc431",
    "https://deno.land/x/tui@2.1.6/src/signals/reactivity.ts": "935305443e367b581a88e12f3bae48b6844e66d61a0ad70e35f616cdce524453",
    "https://deno.land/x/tui@2.1.6/src/signals/signal.ts": "5f351000a3316196ac3836fd9f3ef2a708aec85713df720a01c853d4859060be",
    "https://deno.land/x/tui@2.1.6/src/signals/types.ts": "e04d088a849a58d184c30420fec9ab3726985e3bcbe2cdc1b4bbc218fb299dbe",
    "https://deno.land/x/tui@2.1.6/src/theme.ts": "87f3da7e6a5bbbeb04c3c5384069225c244bcce0bac833a87828c5208af07cfc",
    "https://deno.land/x/tui@2.1.6/src/tui.ts": "d6c2b71aabd20f2673d5338bef3c310c322dc8e696850ce26b7519efee3e960b",
    "https://deno.land/x/tui@2.1.6/src/types.ts": "7e39e8c59a1d28e379e54455dd7d7bb1a349191970d9af8d47a74b590e0de401",
    "https://deno.land/x/tui@2.1.6/src/utils/ansi_codes.ts": "be83f249ab09d33b64540adda5191c58580d386cc7627b8d10ea3363c9a6d23d",
    "https://deno.land/x/tui@2.1.6/src/utils/async.ts": "3f3bfe526c05467313237c434bc951a02344935dba61fe7b4e14d818d03ba1ca",
    "https://deno.land/x/tui@2.1.6/src/utils/component.ts": "a7f5396b480c7ed437c5e08ec56c3e5c85a55963ee8520c2e5cc7a185577f1a3",
    "https://deno.land/x/tui@2.1.6/src/utils/mod.ts": "4daef102e2406625f32faf08d238b702a26b3dc87232c35e97a215b9dbf9e781",
    "https://deno.land/x/tui@2.1.6/src/utils/numbers.ts": "9d4322b7a184e111184f37507ccdf0d4a29ee7eb8f2ce8f942f078bd165f8941",
    "https://deno.land/x/tui@2.1.6/src/utils/signals.ts": "a78893aa2e379468df65045a4d1f45e0111237b24e18c19bf5a92b6ee9074c4a",
    "https://deno.land/x/tui@2.1.6/src/utils/sorted_array.ts": "d7b55e9c6489102fbee46d632040449f960f2ed3ae0d6bc3326e6d6ec1450d97",
    "https://deno.land/x/tui@2.1.6/src/utils/strings.ts": "6eff09ec0cf58aee239df3ca41d55f22694cdb4bc73b213a9066f11b65218419",
    "https://deno.land/x/tui@2.1.6/src/view.ts": "77c9dfdb3632f95c2456036c5e30f90cfbbad62cbb4f370cba48b992523aa619"
  }
}
